// !$*UTF8*$!
{
	archiveVersion = 1;
	classes = {
	};
	objectVersion = 77;
	objects = {

/* Begin PBXBuildFile section */
		478B76272DE5F7F400E06AD3 /* RealmSwift in Frameworks */ = {isa = PBXBuildFile; productRef = 478B76262DE5F7F400E06AD3 /* RealmSwift */; };
/* End PBXBuildFile section */

/* Begin PBXContainerItemProxy section */
		4797E2972DEEF25000080BC8 /* PBXContainerItemProxy */ = {
			isa = PBXContainerItemProxy;
			containerPortal = 4717AC452DCBBA6A0041B4FF /* Project object */;
			proxyType = 1;
			remoteGlobalIDString = 4717AC4C2DCBBA6A0041B4FF;
			remoteInfo = XSampleApp;
		};
		4797E2AD2DEEF32500080BC8 /* PBXContainerItemProxy */ = {
			isa = PBXContainerItemProxy;
			containerPortal = 4717AC452DCBBA6A0041B4FF /* Project object */;
			proxyType = 1;
			remoteGlobalIDString = 4717AC4C2DCBBA6A0041B4FF;
			remoteInfo = XSampleApp;
		};
/* End PBXContainerItemProxy section */

/* Begin PBXFileReference section */
		4717AC4D2DCBBA6A0041B4FF /* XSampleApp.app */ = {isa = PBXFileReference; explicitFileType = wrapper.application; includeInIndex = 0; path = XSampleApp.app; sourceTree = BUILT_PRODUCTS_DIR; };
		4797E2932DEEF25000080BC8 /* exampleTest2.xctest */ = {isa = PBXFileReference; explicitFileType = wrapper.cfbundle; includeInIndex = 0; path = exampleTest2.xctest; sourceTree = BUILT_PRODUCTS_DIR; };
		4797E2A92DEEF32500080BC8 /* exampleTest.xctest */ = {isa = PBXFileReference; explicitFileType = wrapper.cfbundle; includeInIndex = 0; path = exampleTest.xctest; sourceTree = BUILT_PRODUCTS_DIR; };
		47A168712DECAA8700717A72 /* example.xcodeproj */ = {isa = PBXFileReference; lastKnownFileType = "wrapper.pb-project"; path = example.xcodeproj; sourceTree = "<group>"; };
/* End PBXFileReference section */

/* Begin PBXFileSystemSynchronizedBuildFileExceptionSet section */
		4717AC5F2DCBBA6C0041B4FF /* Exceptions for "XSampleApp" folder in "XSampleApp" target */ = {
			isa = PBXFileSystemSynchronizedBuildFileExceptionSet;
			membershipExceptions = (
				Info.plist,
			);
			target = 4717AC4C2DCBBA6A0041B4FF /* XSampleApp */;
		};
		4797E2B32DEEF3DC00080BC8 /* Exceptions for "XSampleApp" folder in "exampleTest" target */ = {
			isa = PBXFileSystemSynchronizedBuildFileExceptionSet;
			membershipExceptions = (
				HomeViewController.swift,
			);
			target = 4797E2A82DEEF32500080BC8 /* exampleTest */;
		};
/* End PBXFileSystemSynchronizedBuildFileExceptionSet section */

/* Begin PBXFileSystemSynchronizedRootGroup section */
		4717AC4F2DCBBA6A0041B4FF /* XSampleApp */ = {
			isa = PBXFileSystemSynchronizedRootGroup;
			exceptions = (
				4717AC5F2DCBBA6C0041B4FF /* Exceptions for "XSampleApp" folder in "XSampleApp" target */,
				4797E2B32DEEF3DC00080BC8 /* Exceptions for "XSampleApp" folder in "exampleTest" target */,
			);
			path = XSampleApp;
			sourceTree = "<group>";
		};
		4797E2AA2DEEF32500080BC8 /* exampleTest */ = {
			isa = PBXFileSystemSynchronizedRootGroup;
			path = exampleTest;
			sourceTree = "<group>";
		};
/* End PBXFileSystemSynchronizedRootGroup section */

/* Begin PBXFrameworksBuildPhase section */
		4717AC4A2DCBBA6A0041B4FF /* Frameworks */ = {
			isa = PBXFrameworksBuildPhase;
			buildActionMask = 2147483647;
			files = (
				478B76272DE5F7F400E06AD3 /* RealmSwift in Frameworks */,
			);
			runOnlyForDeploymentPostprocessing = 0;
		};
		4797E2902DEEF25000080BC8 /* Frameworks */ = {
			isa = PBXFrameworksBuildPhase;
			buildActionMask = 2147483647;
			files = (
			);
			runOnlyForDeploymentPostprocessing = 0;
		};
		4797E2A62DEEF32500080BC8 /* Frameworks */ = {
			isa = PBXFrameworksBuildPhase;
			buildActionMask = 2147483647;
			files = (
			);
			runOnlyForDeploymentPostprocessing = 0;
		};
/* End PBXFrameworksBuildPhase section */

/* Begin PBXGroup section */
		4717AC442DCBBA6A0041B4FF = {
			isa = PBXGroup;
			children = (
				4717AC4F2DCBBA6A0041B4FF /* XSampleApp */,
				4797E2AA2DEEF32500080BC8 /* exampleTest */,
				4717AC4E2DCBBA6A0041B4FF /* Products */,
			);
			sourceTree = "<group>";
		};
		4717AC4E2DCBBA6A0041B4FF /* Products */ = {
			isa = PBXGroup;
			children = (
				4717AC4D2DCBBA6A0041B4FF /* XSampleApp.app */,
				4797E2932DEEF25000080BC8 /* exampleTest2.xctest */,
				4797E2A92DEEF32500080BC8 /* exampleTest.xctest */,
			);
			name = Products;
			sourceTree = "<group>";
		};
		47A168732DECAA8700717A72 /* Products */ = {
			isa = PBXGroup;
			children = (
			);
			name = Products;
			sourceTree = "<group>";
		};
/* End PBXGroup section */

/* Begin PBXNativeTarget section */
		4717AC4C2DCBBA6A0041B4FF /* XSampleApp */ = {
			isa = PBXNativeTarget;
			buildConfigurationList = 4717AC602DCBBA6C0041B4FF /* Build configuration list for PBXNativeTarget "XSampleApp" */;
			buildPhases = (
				4717AC492DCBBA6A0041B4FF /* Sources */,
				4717AC4A2DCBBA6A0041B4FF /* Frameworks */,
				4717AC4B2DCBBA6A0041B4FF /* Resources */,
			);
			buildRules = (
			);
			dependencies = (
			);
			fileSystemSynchronizedGroups = (
				4717AC4F2DCBBA6A0041B4FF /* XSampleApp */,
			);
			name = XSampleApp;
			packageProductDependencies = (
				478B76262DE5F7F400E06AD3 /* RealmSwift */,
			);
			productName = XSampleApp;
			productReference = 4717AC4D2DCBBA6A0041B4FF /* XSampleApp.app */;
			productType = "com.apple.product-type.application";
		};
		4797E2922DEEF25000080BC8 /* exampleTest2 */ = {
			isa = PBXNativeTarget;
			buildConfigurationList = 4797E2A42DEEF25000080BC8 /* Build configuration list for PBXNativeTarget "exampleTest2" */;
			buildPhases = (
				4797E28F2DEEF25000080BC8 /* Sources */,
				4797E2902DEEF25000080BC8 /* Frameworks */,
				4797E2912DEEF25000080BC8 /* Resources */,
			);
			buildRules = (
			);
			dependencies = (
				4797E2982DEEF25000080BC8 /* PBXTargetDependency */,
			);
			name = exampleTest2;
			packageProductDependencies = (
			);
			productName = exampleTest2;
			productReference = 4797E2932DEEF25000080BC8 /* exampleTest2.xctest */;
			productType = "com.apple.product-type.bundle.unit-test";
		};
		4797E2A82DEEF32500080BC8 /* exampleTest */ = {
			isa = PBXNativeTarget;
			buildConfigurationList = 4797E2AF2DEEF32600080BC8 /* Build configuration list for PBXNativeTarget "exampleTest" */;
			buildPhases = (
				4797E2A52DEEF32500080BC8 /* Sources */,
				4797E2A62DEEF32500080BC8 /* Frameworks */,
				4797E2A72DEEF32500080BC8 /* Resources */,
			);
			buildRules = (
			);
			dependencies = (
				4797E2AE2DEEF32500080BC8 /* PBXTargetDependency */,
			);
			fileSystemSynchronizedGroups = (
				4797E2AA2DEEF32500080BC8 /* exampleTest */,
			);
			name = exampleTest;
			packageProductDependencies = (
			);
			productName = exampleTest;
			productReference = 4797E2A92DEEF32500080BC8 /* exampleTest.xctest */;
			productType = "com.apple.product-type.bundle.unit-test";
		};
/* End PBXNativeTarget section */

/* Begin PBXProject section */
		4717AC452DCBBA6A0041B4FF /* Project object */ = {
			isa = PBXProject;
			attributes = {
				BuildIndependentTargetsInParallel = 1;
				LastSwiftUpdateCheck = 1640;
				LastUpgradeCheck = 1630;
				TargetAttributes = {
					4717AC4C2DCBBA6A0041B4FF = {
						CreatedOnToolsVersion = 16.3;
					};
					4797E2922DEEF25000080BC8 = {
						CreatedOnToolsVersion = 16.4;
						TestTargetID = 4717AC4C2DCBBA6A0041B4FF;
					};
					4797E2A82DEEF32500080BC8 = {
						CreatedOnToolsVersion = 16.4;
						TestTargetID = 4717AC4C2DCBBA6A0041B4FF;
					};
				};
			};
			buildConfigurationList = 4717AC482DCBBA6A0041B4FF /* Build configuration list for PBXProject "XSampleApp" */;
			developmentRegion = en;
			hasScannedForEncodings = 0;
			knownRegions = (
				en,
				Base,
			);
			mainGroup = 4717AC442DCBBA6A0041B4FF;
			minimizedProjectReferenceProxies = 1;
			packageReferences = (
				478B76252DE5F7F400E06AD3 /* XCRemoteSwiftPackageReference "realm-swift" */,
			);
			preferredProjectObjectVersion = 77;
			productRefGroup = 4717AC4E2DCBBA6A0041B4FF /* Products */;
			projectDirPath = "";
			projectReferences = (
				{
					ProductGroup = 47A168732DECAA8700717A72 /* Products */;
					ProjectRef = 47A168712DECAA8700717A72 /* example.xcodeproj */;
				},
			);
			projectRoot = "";
			targets = (
				4717AC4C2DCBBA6A0041B4FF /* XSampleApp */,
				4797E2922DEEF25000080BC8 /* exampleTest2 */,
				4797E2A82DEEF32500080BC8 /* exampleTest */,
			);
		};
/* End PBXProject section */

/* Begin PBXResourcesBuildPhase section */
		4717AC4B2DCBBA6A0041B4FF /* Resources */ = {
			isa = PBXResourcesBuildPhase;
			buildActionMask = 2147483647;
			files = (
			);
			runOnlyForDeploymentPostprocessing = 0;
		};
		4797E2912DEEF25000080BC8 /* Resources */ = {
			isa = PBXResourcesBuildPhase;
			buildActionMask = 2147483647;
			files = (
			);
			runOnlyForDeploymentPostprocessing = 0;
		};
		4797E2A72DEEF32500080BC8 /* Resources */ = {
			isa = PBXResourcesBuildPhase;
			buildActionMask = 2147483647;
			files = (
			);
			runOnlyForDeploymentPostprocessing = 0;
		};
/* End PBXResourcesBuildPhase section */

/* Begin PBXSourcesBuildPhase section */
		4717AC492DCBBA6A0041B4FF /* Sources */ = {
			isa = PBXSourcesBuildPhase;
			buildActionMask = 2147483647;
			files = (
			);
			runOnlyForDeploymentPostprocessing = 0;
		};
		4797E28F2DEEF25000080BC8 /* Sources */ = {
			isa = PBXSourcesBuildPhase;
			buildActionMask = 2147483647;
			files = (
			);
			runOnlyForDeploymentPostprocessing = 0;
		};
		4797E2A52DEEF32500080BC8 /* Sources */ = {
			isa = PBXSourcesBuildPhase;
			buildActionMask = 2147483647;
			files = (
			);
			runOnlyForDeploymentPostprocessing = 0;
		};
/* End PBXSourcesBuildPhase section */

/* Begin PBXTargetDependency section */
		4797E2982DEEF25000080BC8 /* PBXTargetDependency */ = {
			isa = PBXTargetDependency;
			target = 4717AC4C2DCBBA6A0041B4FF /* XSampleApp */;
			targetProxy = 4797E2972DEEF25000080BC8 /* PBXContainerItemProxy */;
		};
		4797E2AE2DEEF32500080BC8 /* PBXTargetDependency */ = {
			isa = PBXTargetDependency;
			target = 4717AC4C2DCBBA6A0041B4FF /* XSampleApp */;
			targetProxy = 4797E2AD2DEEF32500080BC8 /* PBXContainerItemProxy */;
		};
/* End PBXTargetDependency section */

/* Begin XCBuildConfiguration section */
		4717AC612DCBBA6C0041B4FF /* Debug */ = {
			isa = XCBuildConfiguration;
			buildSettings = {
				ASSETCATALOG_COMPILER_APPICON_NAME = AppIcon;
				ASSETCATALOG_COMPILER_GLOBAL_ACCENT_COLOR_NAME = AccentColor;
				CODE_SIGN_STYLE = Automatic;
				CURRENT_PROJECT_VERSION = 1;
				GENERATE_INFOPLIST_FILE = YES;
				INFOPLIST_FILE = XSampleApp/Info.plist;
				INFOPLIST_KEY_UIApplicationSupportsIndirectInputEvents = YES;
				INFOPLIST_KEY_UILaunchStoryboardName = LaunchScreen;
				INFOPLIST_KEY_UISupportedInterfaceOrientations_iPad = "UIInterfaceOrientationPortrait UIInterfaceOrientationPortraitUpsideDown UIInterfaceOrientationLandscapeLeft UIInterfaceOrientationLandscapeRight";
				INFOPLIST_KEY_UISupportedInterfaceOrientations_iPhone = "UIInterfaceOrientationPortrait UIInterfaceOrientationLandscapeLeft UIInterfaceOrientationLandscapeRight";
				LD_RUNPATH_SEARCH_PATHS = (
					"$(inherited)",
					"@executable_path/Frameworks",
				);
				MARKETING_VERSION = 1.0;
				PRODUCT_BUNDLE_IDENTIFIER = MyApp.XSampleApp;
				PRODUCT_NAME = "$(TARGET_NAME)";
				SWIFT_EMIT_LOC_STRINGS = YES;
				SWIFT_VERSION = 5.0;
				TARGETED_DEVICE_FAMILY = "1,2";
			};
			name = Debug;
		};
		4717AC622DCBBA6C0041B4FF /* Release */ = {
			isa = XCBuildConfiguration;
			buildSettings = {
				ASSETCATALOG_COMPILER_APPICON_NAME = AppIcon;
				ASSETCATALOG_COMPILER_GLOBAL_ACCENT_COLOR_NAME = AccentColor;
				CODE_SIGN_STYLE = Automatic;
				CURRENT_PROJECT_VERSION = 1;
				GENERATE_INFOPLIST_FILE = YES;
				INFOPLIST_FILE = XSampleApp/Info.plist;
				INFOPLIST_KEY_UIApplicationSupportsIndirectInputEvents = YES;
				INFOPLIST_KEY_UILaunchStoryboardName = LaunchScreen;
				INFOPLIST_KEY_UISupportedInterfaceOrientations_iPad = "UIInterfaceOrientationPortrait UIInterfaceOrientationPortraitUpsideDown UIInterfaceOrientationLandscapeLeft UIInterfaceOrientationLandscapeRight";
				INFOPLIST_KEY_UISupportedInterfaceOrientations_iPhone = "UIInterfaceOrientationPortrait UIInterfaceOrientationLandscapeLeft UIInterfaceOrientationLandscapeRight";
				LD_RUNPATH_SEARCH_PATHS = (
					"$(inherited)",
					"@executable_path/Frameworks",
				);
				MARKETING_VERSION = 1.0;
				PRODUCT_BUNDLE_IDENTIFIER = MyApp.XSampleApp;
				PRODUCT_NAME = "$(TARGET_NAME)";
				SWIFT_EMIT_LOC_STRINGS = YES;
				SWIFT_VERSION = 5.0;
				TARGETED_DEVICE_FAMILY = "1,2";
			};
			name = Release;
		};
		4717AC632DCBBA6C0041B4FF /* Debug */ = {
			isa = XCBuildConfiguration;
			buildSettings = {
				ALWAYS_SEARCH_USER_PATHS = NO;
				ASSETCATALOG_COMPILER_GENERATE_SWIFT_ASSET_SYMBOL_EXTENSIONS = YES;
				CLANG_ANALYZER_NONNULL = YES;
				CLANG_ANALYZER_NUMBER_OBJECT_CONVERSION = YES_AGGRESSIVE;
				CLANG_CXX_LANGUAGE_STANDARD = "gnu++20";
				CLANG_ENABLE_MODULES = YES;
				CLANG_ENABLE_OBJC_ARC = YES;
				CLANG_ENABLE_OBJC_WEAK = YES;
				CLANG_WARN_BLOCK_CAPTURE_AUTORELEASING = YES;
				CLANG_WARN_BOOL_CONVERSION = YES;
				CLANG_WARN_COMMA = YES;
				CLANG_WARN_CONSTANT_CONVERSION = YES;
				CLANG_WARN_DEPRECATED_OBJC_IMPLEMENTATIONS = YES;
				CLANG_WARN_DIRECT_OBJC_ISA_USAGE = YES_ERROR;
				CLANG_WARN_DOCUMENTATION_COMMENTS = YES;
				CLANG_WARN_EMPTY_BODY = YES;
				CLANG_WARN_ENUM_CONVERSION = YES;
				CLANG_WARN_INFINITE_RECURSION = YES;
				CLANG_WARN_INT_CONVERSION = YES;
				CLANG_WARN_NON_LITERAL_NULL_CONVERSION = YES;
				CLANG_WARN_OBJC_IMPLICIT_RETAIN_SELF = YES;
				CLANG_WARN_OBJC_LITERAL_CONVERSION = YES;
				CLANG_WARN_OBJC_ROOT_CLASS = YES_ERROR;
				CLANG_WARN_QUOTED_INCLUDE_IN_FRAMEWORK_HEADER = YES;
				CLANG_WARN_RANGE_LOOP_ANALYSIS = YES;
				CLANG_WARN_STRICT_PROTOTYPES = YES;
				CLANG_WARN_SUSPICIOUS_MOVE = YES;
				CLANG_WARN_UNGUARDED_AVAILABILITY = YES_AGGRESSIVE;
				CLANG_WARN_UNREACHABLE_CODE = YES;
				CLANG_WARN__DUPLICATE_METHOD_MATCH = YES;
				COPY_PHASE_STRIP = NO;
				DEBUG_INFORMATION_FORMAT = dwarf;
				ENABLE_STRICT_OBJC_MSGSEND = YES;
				ENABLE_TESTABILITY = YES;
				ENABLE_USER_SCRIPT_SANDBOXING = YES;
				GCC_C_LANGUAGE_STANDARD = gnu17;
				GCC_DYNAMIC_NO_PIC = NO;
				GCC_NO_COMMON_BLOCKS = YES;
				GCC_OPTIMIZATION_LEVEL = 0;
				GCC_PREPROCESSOR_DEFINITIONS = (
					"DEBUG=1",
					"$(inherited)",
				);
				GCC_WARN_64_TO_32_BIT_CONVERSION = YES;
				GCC_WARN_ABOUT_RETURN_TYPE = YES_ERROR;
				GCC_WARN_UNDECLARED_SELECTOR = YES;
				GCC_WARN_UNINITIALIZED_AUTOS = YES_AGGRESSIVE;
				GCC_WARN_UNUSED_FUNCTION = YES;
				GCC_WARN_UNUSED_VARIABLE = YES;
				IPHONEOS_DEPLOYMENT_TARGET = 18.4;
				LOCALIZATION_PREFERS_STRING_CATALOGS = YES;
				MTL_ENABLE_DEBUG_INFO = INCLUDE_SOURCE;
				MTL_FAST_MATH = YES;
				ONLY_ACTIVE_ARCH = YES;
				SDKROOT = iphoneos;
				SWIFT_ACTIVE_COMPILATION_CONDITIONS = "DEBUG $(inherited)";
				SWIFT_OPTIMIZATION_LEVEL = "-Onone";
			};
			name = Debug;
		};
		4717AC642DCBBA6C0041B4FF /* Release */ = {
			isa = XCBuildConfiguration;
			buildSettings = {
				ALWAYS_SEARCH_USER_PATHS = NO;
				ASSETCATALOG_COMPILER_GENERATE_SWIFT_ASSET_SYMBOL_EXTENSIONS = YES;
				CLANG_ANALYZER_NONNULL = YES;
				CLANG_ANALYZER_NUMBER_OBJECT_CONVERSION = YES_AGGRESSIVE;
				CLANG_CXX_LANGUAGE_STANDARD = "gnu++20";
				CLANG_ENABLE_MODULES = YES;
				CLANG_ENABLE_OBJC_ARC = YES;
				CLANG_ENABLE_OBJC_WEAK = YES;
				CLANG_WARN_BLOCK_CAPTURE_AUTORELEASING = YES;
				CLANG_WARN_BOOL_CONVERSION = YES;
				CLANG_WARN_COMMA = YES;
				CLANG_WARN_CONSTANT_CONVERSION = YES;
				CLANG_WARN_DEPRECATED_OBJC_IMPLEMENTATIONS = YES;
				CLANG_WARN_DIRECT_OBJC_ISA_USAGE = YES_ERROR;
				CLANG_WARN_DOCUMENTATION_COMMENTS = YES;
				CLANG_WARN_EMPTY_BODY = YES;
				CLANG_WARN_ENUM_CONVERSION = YES;
				CLANG_WARN_INFINITE_RECURSION = YES;
				CLANG_WARN_INT_CONVERSION = YES;
				CLANG_WARN_NON_LITERAL_NULL_CONVERSION = YES;
				CLANG_WARN_OBJC_IMPLICIT_RETAIN_SELF = YES;
				CLANG_WARN_OBJC_LITERAL_CONVERSION = YES;
				CLANG_WARN_OBJC_ROOT_CLASS = YES_ERROR;
				CLANG_WARN_QUOTED_INCLUDE_IN_FRAMEWORK_HEADER = YES;
				CLANG_WARN_RANGE_LOOP_ANALYSIS = YES;
				CLANG_WARN_STRICT_PROTOTYPES = YES;
				CLANG_WARN_SUSPICIOUS_MOVE = YES;
				CLANG_WARN_UNGUARDED_AVAILABILITY = YES_AGGRESSIVE;
				CLANG_WARN_UNREACHABLE_CODE = YES;
				CLANG_WARN__DUPLICATE_METHOD_MATCH = YES;
				COPY_PHASE_STRIP = NO;
				DEBUG_INFORMATION_FORMAT = "dwarf-with-dsym";
				ENABLE_NS_ASSERTIONS = NO;
				ENABLE_STRICT_OBJC_MSGSEND = YES;
				ENABLE_USER_SCRIPT_SANDBOXING = YES;
				GCC_C_LANGUAGE_STANDARD = gnu17;
				GCC_NO_COMMON_BLOCKS = YES;
				GCC_WARN_64_TO_32_BIT_CONVERSION = YES;
				GCC_WARN_ABOUT_RETURN_TYPE = YES_ERROR;
				GCC_WARN_UNDECLARED_SELECTOR = YES;
				GCC_WARN_UNINITIALIZED_AUTOS = YES_AGGRESSIVE;
				GCC_WARN_UNUSED_FUNCTION = YES;
				GCC_WARN_UNUSED_VARIABLE = YES;
				IPHONEOS_DEPLOYMENT_TARGET = 18.4;
				LOCALIZATION_PREFERS_STRING_CATALOGS = YES;
				MTL_ENABLE_DEBUG_INFO = NO;
				MTL_FAST_MATH = YES;
				SDKROOT = iphoneos;
				SWIFT_COMPILATION_MODE = wholemodule;
				VALIDATE_PRODUCT = YES;
			};
			name = Release;
		};
		4797E2992DEEF25000080BC8 /* Debug */ = {
			isa = XCBuildConfiguration;
			buildSettings = {
				BUNDLE_LOADER = "$(TEST_HOST)";
				CODE_SIGN_STYLE = Automatic;
				CURRENT_PROJECT_VERSION = 1;
				GENERATE_INFOPLIST_FILE = YES;
				IPHONEOS_DEPLOYMENT_TARGET = 18.5;
				MARKETING_VERSION = 1.0;
				PRODUCT_BUNDLE_IDENTIFIER = MyApp.exampleTest2;
				PRODUCT_NAME = "$(TARGET_NAME)";
				SWIFT_EMIT_LOC_STRINGS = NO;
				SWIFT_VERSION = 5.0;
				TARGETED_DEVICE_FAMILY = "1,2";
				TEST_HOST = "$(BUILT_PRODUCTS_DIR)/XSampleApp.app/$(BUNDLE_EXECUTABLE_FOLDER_PATH)/XSampleApp";
			};
			name = Debug;
		};
		4797E29A2DEEF25000080BC8 /* Release */ = {
			isa = XCBuildConfiguration;
			buildSettings = {
				BUNDLE_LOADER = "$(TEST_HOST)";
				CODE_SIGN_STYLE = Automatic;
				CURRENT_PROJECT_VERSION = 1;
				GENERATE_INFOPLIST_FILE = YES;
				IPHONEOS_DEPLOYMENT_TARGET = 18.5;
				MARKETING_VERSION = 1.0;
				PRODUCT_BUNDLE_IDENTIFIER = MyApp.exampleTest2;
				PRODUCT_NAME = "$(TARGET_NAME)";
				SWIFT_EMIT_LOC_STRINGS = NO;
				SWIFT_VERSION = 5.0;
				TARGETED_DEVICE_FAMILY = "1,2";
				TEST_HOST = "$(BUILT_PRODUCTS_DIR)/XSampleApp.app/$(BUNDLE_EXECUTABLE_FOLDER_PATH)/XSampleApp";
			};
			name = Release;
		};
		4797E2B02DEEF32600080BC8 /* Debug */ = {
			isa = XCBuildConfiguration;
			buildSettings = {
				BUNDLE_LOADER = "$(TEST_HOST)";
				CODE_SIGN_STYLE = Automatic;
				CURRENT_PROJECT_VERSION = 1;
				GENERATE_INFOPLIST_FILE = YES;
				IPHONEOS_DEPLOYMENT_TARGET = 18.5;
				MARKETING_VERSION = 1.0;
				PRODUCT_BUNDLE_IDENTIFIER = MyApp.exampleTest;
				PRODUCT_NAME = "$(TARGET_NAME)";
				SWIFT_EMIT_LOC_STRINGS = NO;
				SWIFT_VERSION = 5.0;
				TARGETED_DEVICE_FAMILY = "1,2";
				TEST_HOST = "$(BUILT_PRODUCTS_DIR)/XSampleApp.app/$(BUNDLE_EXECUTABLE_FOLDER_PATH)/XSampleApp";
			};
			name = Debug;
		};
		4797E2B12DEEF32600080BC8 /* Release */ = {
			isa = XCBuildConfiguration;
			buildSettings = {
				BUNDLE_LOADER = "$(TEST_HOST)";
				CODE_SIGN_STYLE = Automatic;
				CURRENT_PROJECT_VERSION = 1;
				GENERATE_INFOPLIST_FILE = YES;
				IPHONEOS_DEPLOYMENT_TARGET = 18.5;
				MARKETING_VERSION = 1.0;
				PRODUCT_BUNDLE_IDENTIFIER = MyApp.exampleTest;
				PRODUCT_NAME = "$(TARGET_NAME)";
				SWIFT_EMIT_LOC_STRINGS = NO;
				SWIFT_VERSION = 5.0;
				TARGETED_DEVICE_FAMILY = "1,2";
				TEST_HOST = "$(BUILT_PRODUCTS_DIR)/XSampleApp.app/$(BUNDLE_EXECUTABLE_FOLDER_PATH)/XSampleApp";
			};
			name = Release;
		};
/* End XCBuildConfiguration section */

/* Begin XCConfigurationList section */
		4717AC482DCBBA6A0041B4FF /* Build configuration list for PBXProject "XSampleApp" */ = {
			isa = XCConfigurationList;
			buildConfigurations = (
				4717AC632DCBBA6C0041B4FF /* Debug */,
				4717AC642DCBBA6C0041B4FF /* Release */,
			);
			defaultConfigurationIsVisible = 0;
			defaultConfigurationName = Release;
		};
		4717AC602DCBBA6C0041B4FF /* Build configuration list for PBXNativeTarget "XSampleApp" */ = {
			isa = XCConfigurationList;
			buildConfigurations = (
				4717AC612DCBBA6C0041B4FF /* Debug */,
				4717AC622DCBBA6C0041B4FF /* Release */,
			);
			defaultConfigurationIsVisible = 0;
			defaultConfigurationName = Release;
		};
		4797E2A42DEEF25000080BC8 /* Build configuration list for PBXNativeTarget "exampleTest2" */ = {
			isa = XCConfigurationList;
			buildConfigurations = (
				4797E2992DEEF25000080BC8 /* Debug */,
				4797E29A2DEEF25000080BC8 /* Release */,
			);
			defaultConfigurationIsVisible = 0;
			defaultConfigurationName = Release;
		};
		4797E2AF2DEEF32600080BC8 /* Build configuration list for PBXNativeTarget "exampleTest" */ = {
			isa = XCConfigurationList;
			buildConfigurations = (
				4797E2B02DEEF32600080BC8 /* Debug */,
				4797E2B12DEEF32600080BC8 /* Release */,
			);
			defaultConfigurationIsVisible = 0;
			defaultConfigurationName = Release;
		};
/* End XCConfigurationList section */

/* Begin XCRemoteSwiftPackageReference section */
		478B76252DE5F7F400E06AD3 /* XCRemoteSwiftPackageReference "realm-swift" */ = {
			isa = XCRemoteSwiftPackageReference;
			repositoryURL = "https://github.com/realm/realm-swift";
			requirement = {
				branch = master;
				kind = branch;
			};
		};
/* End XCRemoteSwiftPackageReference section */

/* Begin XCSwiftPackageProductDependency section */
		478B76262DE5F7F400E06AD3 /* RealmSwift */ = {
			isa = XCSwiftPackageProductDependency;
			package = 478B76252DE5F7F400E06AD3 /* XCRemoteSwiftPackageReference "realm-swift" */;
			productName = RealmSwift;
		};
/* End XCSwiftPackageProductDependency section */
	};
	rootObject = 4717AC452DCBBA6A0041B4FF /* Project object */;
}
